
Microsoft Visual Studio Solution File, Format Version 12.00
# Visual Studio Version 17
VisualStudioVersion = 17.1.32319.34
MinimumVisualStudioVersion = 10.0.40219.1
Project("{9A19103F-16F7-4668-BE54-9A1E7A4F7556}") = "PtrReflection", "ConsoleApp1\PtrReflection.csproj", "{14508601-C923-4E63-9E7D-C2ADE029DBC8}"
EndProject
Project("{FAE04EC0-301F-11D3-BF4B-00C04F79EFBC}") = "CreateDll", "CreateDll\CreateDll.csproj", "{2A5995B6-E941-4C6B-93FD-A5A642B093B1}"
EndProject
Project("{FAE04EC0-301F-11D3-BF4B-00C04F79EFBC}") = "UnitTest", "UnitTest\UnitTest.csproj", "{79BB8650-8EF4-46CA-B258-5AEAA2B2CAA5}"
EndProject
Global
	GlobalSection(SolutionConfigurationPlatforms) = preSolution
		Debug|Any CPU = Debug|Any CPU
		Release|Any CPU = Release|Any CPU
	EndGlobalSection
	GlobalSection(ProjectConfigurationPlatforms) = postSolution
		{14508601-C923-4E63-9E7D-C2ADE029DBC8}.Debug|Any CPU.ActiveCfg = Debug|Any CPU
		{14508601-C923-4E63-9E7D-C2ADE029DBC8}.Debug|Any CPU.Build.0 = Debug|Any CPU
		{14508601-C923-4E63-9E7D-C2ADE029DBC8}.Release|Any CPU.ActiveCfg = Release|Any CPU
		{14508601-C923-4E63-9E7D-C2ADE029DBC8}.Release|Any CPU.Build.0 = Release|Any CPU
		{2A5995B6-E941-4C6B-93FD-A5A642B093B1}.Debug|Any CPU.ActiveCfg = Debug|Any CPU
		{2A5995B6-E941-4C6B-93FD-A5A642B093B1}.Debug|Any CPU.Build.0 = Debug|Any CPU
		{2A5995B6-E941-4C6B-93FD-A5A642B093B1}.Release|Any CPU.ActiveCfg = Release|Any CPU
		{2A5995B6-E941-4C6B-93FD-A5A642B093B1}.Release|Any CPU.Build.0 = Release|Any CPU
		{79BB8650-8EF4-46CA-B258-5AEAA2B2CAA5}.Debug|Any CPU.ActiveCfg = Debug|Any CPU
		{79BB8650-8EF4-46CA-B258-5AEAA2B2CAA5}.Debug|Any CPU.Build.0 = Debug|Any CPU
		{79BB8650-8EF4-46CA-B258-5AEAA2B2CAA5}.Release|Any CPU.ActiveCfg = Release|Any CPU
		{79BB8650-8EF4-46CA-B258-5AEAA2B2CAA5}.Release|Any CPU.Build.0 = Release|Any CPU
	EndGlobalSection
	GlobalSection(SolutionProperties) = preSolution
		HideSolutionNode = FALSE
	EndGlobalSection
	GlobalSection(ExtensibilityGlobals) = postSolution
		SolutionGuid = {B4E49601-3A30-4E6F-8D66-0C81B41E1006}
	EndGlobalSection
EndGlobal
